
Microsoft Visual Studio Solution File, Format Version 12.00
# Visual Studio Version 17
VisualStudioVersion = 17.3.32929.385
MinimumVisualStudioVersion = 10.0.40219.1
Project("{FAE04EC0-301F-11D3-BF4B-00C04F79EFBC}") = "MVC_CRUD", "MVC_CRUD\MVC_CRUD.csproj", "{C9DD0921-003E-47D7-ABCB-5BF8076032A2}"
EndProject
Global
	GlobalSection(SolutionConfigurationPlatforms) = preSolution
		Debug|Any CPU = Debug|Any CPU
		Release|Any CPU = Release|Any CPU
	EndGlobalSection
	GlobalSection(ProjectConfigurationPlatforms) = postSolution
		{C9DD0921-003E-47D7-ABCB-5BF8076032A2}.Debug|Any CPU.ActiveCfg = Debug|Any CPU
		{C9DD0921-003E-47D7-ABCB-5BF8076032A2}.Debug|Any CPU.Build.0 = Debug|Any CPU
		{C9DD0921-003E-47D7-ABCB-5BF8076032A2}.Release|Any CPU.ActiveCfg = Release|Any CPU
		{C9DD0921-003E-47D7-ABCB-5BF8076032A2}.Release|Any CPU.Build.0 = Release|Any CPU
	EndGlobalSection
	GlobalSection(SolutionProperties) = preSolution
		HideSolutionNode = FALSE
	EndGlobalSection
	GlobalSection(ExtensibilityGlobals) = postSolution
		SolutionGuid = {74D9BC62-D0E3-4A4F-ABB4-1A38AB6825A7}
	EndGlobalSection
EndGlobal
